<?xml version="1.0" encoding="utf-8"?>
<Project ToolsVersion="4.0" xmlns="http://schemas.microsoft.com/developer/msbuild/2003">
  <ItemGroup>
    <Filter Include="Source Files">
      <UniqueIdentifier>{4FC737F1-C7A5-4376-A066-2A32D752A2FF}</UniqueIdentifier>
      <Extensions>cpp;c;cc;cxx;def;odl;idl;hpj;bat;asm;asmx</Extensions>
    </Filter>
    <Filter Include="Header Files">
      <UniqueIdentifier>{93995380-89BD-4b04-88EB-625FBE52EBFB}</UniqueIdentifier>
      <Extensions>h;hpp;hxx;hm;inl;inc;xsd</Extensions>
    </Filter>
    <Filter Include="Resource Files">
      <UniqueIdentifier>{67DA6AB6-F800-4c08-8B7A-83BB121AAD01}</UniqueIdentifier>
      <Extensions>rc;ico;cur;bmp;dlg;rc2;rct;bin;rgs;gif;jpg;jpeg;jpe;resx;tiff;tif;png;wav;mfcribbon-ms</Extensions>
    </Filter>
  </ItemGroup>
  <ItemGroup>
    <ClCompile Include="..\bnet\Account.pb.cc">
      <Filter>Source Files</Filter>
    </ClCompile>
    <ClCompile Include="..\bnet\AttributeSerializer.pb.cc">
      <Filter>Source Files</Filter>
    </ClCompile>
    <ClCompile Include="..\bnet\GameMessage.pb.cc">
      <Filter>Source Files</Filter>
    </ClCompile>
    <ClCompile Include="..\bnet\GBHandle.pb.cc">
      <Filter>Source Files</Filter>
    </ClCompile>
    <ClCompile Include="..\bnet\Hero.pb.cc">
      <Filter>Source Files</Filter>
    </ClCompile>
    <ClCompile Include="..\bnet\Hireling.pb.cc">
      <Filter>Source Files</Filter>
    </ClCompile>
    <ClCompile Include="..\bnet\ItemCrafting.pb.cc">
      <Filter>Source Files</Filter>
    </ClCompile>
    <ClCompile Include="..\bnet\Items.pb.cc">
      <Filter>Source Files</Filter>
    </ClCompile>
    <ClCompile Include="..\bnet\lib\config\process_config.pb.cc">
      <Filter>Source Files</Filter>
    </ClCompile>
    <ClCompile Include="..\bnet\lib\profanity\profanity.pb.cc">
      <Filter>Source Files</Filter>
    </ClCompile>
    <ClCompile Include="..\bnet\lib\protocol\attribute.pb.cc">
      <Filter>Source Files</Filter>
    </ClCompile>
    <ClCompile Include="..\bnet\lib\protocol\content_handle.pb.cc">
      <Filter>Source Files</Filter>
    </ClCompile>
    <ClCompile Include="..\bnet\lib\protocol\descriptor.pb.cc">
      <Filter>Source Files</Filter>
    </ClCompile>
    <ClCompile Include="..\bnet\lib\protocol\entity.pb.cc">
      <Filter>Source Files</Filter>
    </ClCompile>
    <ClCompile Include="..\bnet\lib\protocol\exchange_object_provider.pb.cc">
      <Filter>Source Files</Filter>
    </ClCompile>
    <ClCompile Include="..\bnet\lib\protocol\invitation.pb.cc">
      <Filter>Source Files</Filter>
    </ClCompile>
    <ClCompile Include="..\bnet\lib\protocol\resource.pb.cc">
      <Filter>Source Files</Filter>
    </ClCompile>
    <ClCompile Include="..\bnet\lib\rpc\connection.pb.cc">
      <Filter>Source Files</Filter>
    </ClCompile>
    <ClCompile Include="..\bnet\lib\rpc\rpc.pb.cc">
      <Filter>Source Files</Filter>
    </ClCompile>
    <ClCompile Include="..\bnet\OnlineService.pb.cc">
      <Filter>Source Files</Filter>
    </ClCompile>
    <ClCompile Include="..\bnet\PartyMessage.pb.cc">
      <Filter>Source Files</Filter>
    </ClCompile>
    <ClCompile Include="..\bnet\Quest.pb.cc">
      <Filter>Source Files</Filter>
    </ClCompile>
    <ClCompile Include="..\bnet\service\authentication\authentication.pb.cc">
      <Filter>Source Files</Filter>
    </ClCompile>
    <ClCompile Include="..\bnet\service\channel\channel_types.pb.cc">
      <Filter>Source Files</Filter>
    </ClCompile>
    <ClCompile Include="..\bnet\service\channel\definition\channel.pb.cc">
      <Filter>Source Files</Filter>
    </ClCompile>
    <ClCompile Include="..\bnet\service\channel_invitation\channel_invitation_types.pb.cc">
      <Filter>Source Files</Filter>
    </ClCompile>
    <ClCompile Include="..\bnet\service\channel_invitation\definition\channel_invitation.pb.cc">
      <Filter>Source Files</Filter>
    </ClCompile>
    <ClCompile Include="..\bnet\service\chat\definition\chat.pb.cc">
      <Filter>Source Files</Filter>
    </ClCompile>
    <ClCompile Include="..\bnet\service\chat\definition\chat_types.pb.cc">
      <Filter>Source Files</Filter>
    </ClCompile>
    <ClCompile Include="..\bnet\service\exchange\exchange.pb.cc">
      <Filter>Source Files</Filter>
    </ClCompile>
    <ClCompile Include="..\bnet\service\exchange\exchange_types.pb.cc">
      <Filter>Source Files</Filter>
    </ClCompile>
    <ClCompile Include="..\bnet\service\followers\definition\followers.pb.cc">
      <Filter>Source Files</Filter>
    </ClCompile>
    <ClCompile Include="..\bnet\service\friends\definition\friends.pb.cc">
      <Filter>Source Files</Filter>
    </ClCompile>
    <ClCompile Include="..\bnet\service\friends\friends_types.pb.cc">
      <Filter>Source Files</Filter>
    </ClCompile>
    <ClCompile Include="..\bnet\service\game_master\game_factory.pb.cc">
      <Filter>Source Files</Filter>
    </ClCompile>
    <ClCompile Include="..\bnet\service\game_master\game_master.pb.cc">
      <Filter>Source Files</Filter>
    </ClCompile>
    <ClCompile Include="..\bnet\service\game_master\game_master_types.pb.cc">
      <Filter>Source Files</Filter>
    </ClCompile>
    <ClCompile Include="..\bnet\service\game_utilities\game_utilities.pb.cc">
      <Filter>Source Files</Filter>
    </ClCompile>
    <ClCompile Include="..\bnet\service\notification\notification.pb.cc">
      <Filter>Source Files</Filter>
    </ClCompile>
    <ClCompile Include="..\bnet\service\party\definition\party.pb.cc">
      <Filter>Source Files</Filter>
    </ClCompile>
    <ClCompile Include="..\bnet\service\presence\presence.pb.cc">
      <Filter>Source Files</Filter>
    </ClCompile>
    <ClCompile Include="..\bnet\service\presence\presence_types.pb.cc">
      <Filter>Source Files</Filter>
    </ClCompile>
    <ClCompile Include="..\bnet\service\search\search.pb.cc">
      <Filter>Source Files</Filter>
    </ClCompile>
    <ClCompile Include="..\bnet\service\search\search_types.pb.cc">
      <Filter>Source Files</Filter>
    </ClCompile>
    <ClCompile Include="..\bnet\service\server_pool\server_pool.pb.cc">
      <Filter>Source Files</Filter>
    </ClCompile>
    <ClCompile Include="..\bnet\service\storage\storage.pb.cc">
      <Filter>Source Files</Filter>
    </ClCompile>
    <ClCompile Include="..\bnet\service\toon\toon.pb.cc">
      <Filter>Source Files</Filter>
    </ClCompile>
    <ClCompile Include="..\bnet\service\toon\toon_external.pb.cc">
      <Filter>Source Files</Filter>
    </ClCompile>
    <ClCompile Include="..\bnet\service\user_manager\user_manager.pb.cc">
      <Filter>Source Files</Filter>
    </ClCompile>
    <ClCompile Include="..\bnet\Settings.pb.cc">
      <Filter>Source Files</Filter>
    </ClCompile>
    <ClCompile Include="..\bnet\Stats.pb.cc">
      <Filter>Source Files</Filter>
    </ClCompile>
    <ClCompile Include="..\src\Client.cc">
      <Filter>Source Files</Filter>
    </ClCompile>
    <ClCompile Include="..\src\main.cc">
      <Filter>Source Files</Filter>
    </ClCompile>
    <ClCompile Include="..\src\Services\BaseService.cc">
      <Filter>Source Files</Filter>
    </ClCompile>
    <ClCompile Include="..\src\Services\ChannelInvitationService.cc">
      <Filter>Source Files</Filter>
    </ClCompile>
    <ClCompile Include="..\src\Services\FollowersService.cc">
      <Filter>Source Files</Filter>
    </ClCompile>
    <ClCompile Include="..\src\Services\FriendsService.cc">
      <Filter>Source Files</Filter>
    </ClCompile>
    <ClCompile Include="..\src\Services\GameMasterService.cc">
      <Filter>Source Files</Filter>
    </ClCompile>
    <ClCompile Include="..\src\Services\PresenceService.cc">
      <Filter>Source Files</Filter>
    </ClCompile>
    <ClCompile Include="..\src\Services\Service.cc">
      <Filter>Source Files</Filter>
    </ClCompile>
    <ClCompile Include="..\src\Services\StorageService.cc">
      <Filter>Source Files</Filter>
    </ClCompile>
    <ClCompile Include="..\src\Services\UserManagerService.cc">
      <Filter>Source Files</Filter>
    </ClCompile>
    <ClCompile Include="..\bnet\lib\protocol\exchange_base.pb.cc">
      <Filter>Source Files</Filter>
    </ClCompile>
    <ClCompile Include="..\src\Services\ToonExternalService.cc">
      <Filter>Source Files</Filter>
    </ClCompile>
    <ClCompile Include="..\src\Net\Packet.cc">
      <Filter>Source Files</Filter>
    </ClCompile>
    <ClCompile Include="..\src\Net\Server.cc">
      <Filter>Source Files</Filter>
    </ClCompile>
    <ClCompile Include="..\src\Services\authentication_service.cc">
      <Filter>Source Files</Filter>
    </ClCompile>
  </ItemGroup>
  <ItemGroup>
    <ClInclude Include="..\bnet\Account.pb.h">
      <Filter>Header Files</Filter>
    </ClInclude>
    <ClInclude Include="..\bnet\AttributeSerializer.pb.h">
      <Filter>Header Files</Filter>
    </ClInclude>
    <ClInclude Include="..\bnet\GameMessage.pb.h">
      <Filter>Header Files</Filter>
    </ClInclude>
    <ClInclude Include="..\bnet\GBHandle.pb.h">
      <Filter>Header Files</Filter>
    </ClInclude>
    <ClInclude Include="..\bnet\Hero.pb.h">
      <Filter>Header Files</Filter>
    </ClInclude>
    <ClInclude Include="..\bnet\Hireling.pb.h">
      <Filter>Header Files</Filter>
    </ClInclude>
    <ClInclude Include="..\bnet\ItemCrafting.pb.h">
      <Filter>Header Files</Filter>
    </ClInclude>
    <ClInclude Include="..\bnet\Items.pb.h">
      <Filter>Header Files</Filter>
    </ClInclude>
    <ClInclude Include="..\bnet\lib\config\process_config.pb.h">
      <Filter>Header Files</Filter>
    </ClInclude>
    <ClInclude Include="..\bnet\lib\profanity\profanity.pb.h">
      <Filter>Header Files</Filter>
    </ClInclude>
    <ClInclude Include="..\bnet\lib\protocol\attribute.pb.h">
      <Filter>Header Files</Filter>
    </ClInclude>
    <ClInclude Include="..\bnet\lib\protocol\content_handle.pb.h">
      <Filter>Header Files</Filter>
    </ClInclude>
    <ClInclude Include="..\bnet\lib\protocol\descriptor.pb.h">
      <Filter>Header Files</Filter>
    </ClInclude>
    <ClInclude Include="..\bnet\lib\protocol\entity.pb.h">
      <Filter>Header Files</Filter>
    </ClInclude>
    <ClInclude Include="..\bnet\lib\protocol\exchange_object_provider.pb.h">
      <Filter>Header Files</Filter>
    </ClInclude>
    <ClInclude Include="..\bnet\lib\protocol\invitation.pb.h">
      <Filter>Header Files</Filter>
    </ClInclude>
    <ClInclude Include="..\bnet\lib\protocol\resource.pb.h">
      <Filter>Header Files</Filter>
    </ClInclude>
    <ClInclude Include="..\bnet\lib\rpc\connection.pb.h">
      <Filter>Header Files</Filter>
    </ClInclude>
    <ClInclude Include="..\bnet\lib\rpc\rpc.pb.h">
      <Filter>Header Files</Filter>
    </ClInclude>
    <ClInclude Include="..\bnet\OnlineService.pb.h">
      <Filter>Header Files</Filter>
    </ClInclude>
    <ClInclude Include="..\bnet\PartyMessage.pb.h">
      <Filter>Header Files</Filter>
    </ClInclude>
    <ClInclude Include="..\bnet\Quest.pb.h">
      <Filter>Header Files</Filter>
    </ClInclude>
    <ClInclude Include="..\bnet\service\authentication\authentication.pb.h">
      <Filter>Header Files</Filter>
    </ClInclude>
    <ClInclude Include="..\bnet\service\channel\channel_types.pb.h">
      <Filter>Header Files</Filter>
    </ClInclude>
    <ClInclude Include="..\bnet\service\channel\definition\channel.pb.h">
      <Filter>Header Files</Filter>
    </ClInclude>
    <ClInclude Include="..\bnet\service\channel_invitation\channel_invitation_types.pb.h">
      <Filter>Header Files</Filter>
    </ClInclude>
    <ClInclude Include="..\bnet\service\channel_invitation\definition\channel_invitation.pb.h">
      <Filter>Header Files</Filter>
    </ClInclude>
    <ClInclude Include="..\bnet\service\chat\definition\chat.pb.h">
      <Filter>Header Files</Filter>
    </ClInclude>
    <ClInclude Include="..\bnet\service\chat\definition\chat_types.pb.h">
      <Filter>Header Files</Filter>
    </ClInclude>
    <ClInclude Include="..\bnet\service\exchange\exchange.pb.h">
      <Filter>Header Files</Filter>
    </ClInclude>
    <ClInclude Include="..\bnet\service\exchange\exchange_types.pb.h">
      <Filter>Header Files</Filter>
    </ClInclude>
    <ClInclude Include="..\bnet\service\followers\definition\followers.pb.h">
      <Filter>Header Files</Filter>
    </ClInclude>
    <ClInclude Include="..\bnet\service\friends\definition\friends.pb.h">
      <Filter>Header Files</Filter>
    </ClInclude>
    <ClInclude Include="..\bnet\service\friends\friends_types.pb.h">
      <Filter>Header Files</Filter>
    </ClInclude>
    <ClInclude Include="..\bnet\service\game_master\game_factory.pb.h">
      <Filter>Header Files</Filter>
    </ClInclude>
    <ClInclude Include="..\bnet\service\game_master\game_master.pb.h">
      <Filter>Header Files</Filter>
    </ClInclude>
    <ClInclude Include="..\bnet\service\game_master\game_master_types.pb.h">
      <Filter>Header Files</Filter>
    </ClInclude>
    <ClInclude Include="..\bnet\service\game_utilities\game_utilities.pb.h">
      <Filter>Header Files</Filter>
    </ClInclude>
    <ClInclude Include="..\bnet\service\notification\notification.pb.h">
      <Filter>Header Files</Filter>
    </ClInclude>
    <ClInclude Include="..\bnet\service\party\definition\party.pb.h">
      <Filter>Header Files</Filter>
    </ClInclude>
    <ClInclude Include="..\bnet\service\presence\presence.pb.h">
      <Filter>Header Files</Filter>
    </ClInclude>
    <ClInclude Include="..\bnet\service\presence\presence_types.pb.h">
      <Filter>Header Files</Filter>
    </ClInclude>
    <ClInclude Include="..\bnet\service\search\search.pb.h">
      <Filter>Header Files</Filter>
    </ClInclude>
    <ClInclude Include="..\bnet\service\search\search_types.pb.h">
      <Filter>Header Files</Filter>
    </ClInclude>
    <ClInclude Include="..\bnet\service\server_pool\server_pool.pb.h">
      <Filter>Header Files</Filter>
    </ClInclude>
    <ClInclude Include="..\bnet\service\storage\storage.pb.h">
      <Filter>Header Files</Filter>
    </ClInclude>
    <ClInclude Include="..\bnet\service\toon\toon.pb.h">
      <Filter>Header Files</Filter>
    </ClInclude>
    <ClInclude Include="..\bnet\service\toon\toon_external.pb.h">
      <Filter>Header Files</Filter>
    </ClInclude>
    <ClInclude Include="..\bnet\service\user_manager\user_manager.pb.h">
      <Filter>Header Files</Filter>
    </ClInclude>
    <ClInclude Include="..\bnet\Settings.pb.h">
      <Filter>Header Files</Filter>
    </ClInclude>
    <ClInclude Include="..\bnet\Stats.pb.h">
      <Filter>Header Files</Filter>
    </ClInclude>
    <ClInclude Include="..\src\Client.h">
      <Filter>Header Files</Filter>
    </ClInclude>
    <ClInclude Include="..\src\Services\AuthenticationService.h">
      <Filter>Header Files</Filter>
    </ClInclude>
    <ClInclude Include="..\src\Services\BaseService.h">
      <Filter>Header Files</Filter>
    </ClInclude>
    <ClInclude Include="..\src\Services\ChannelInvitationService.h">
      <Filter>Header Files</Filter>
    </ClInclude>
    <ClInclude Include="..\src\Services\FollowersService.h">
      <Filter>Header Files</Filter>
    </ClInclude>
    <ClInclude Include="..\src\Services\FriendsService.h">
      <Filter>Header Files</Filter>
    </ClInclude>
    <ClInclude Include="..\src\Services\GameMasterService.h">
      <Filter>Header Files</Filter>
    </ClInclude>
    <ClInclude Include="..\src\Services\PresenceService.h">
      <Filter>Header Files</Filter>
    </ClInclude>
    <ClInclude Include="..\src\Services\Service.h">
      <Filter>Header Files</Filter>
    </ClInclude>
    <ClInclude Include="..\src\Services\StorageService.h">
      <Filter>Header Files</Filter>
    </ClInclude>
    <ClInclude Include="..\src\Services\UserManagerService.h">
      <Filter>Header Files</Filter>
    </ClInclude>
    <ClInclude Include="..\bnet\lib\protocol\exchange_base.pb.h">
      <Filter>Header Files</Filter>
    </ClInclude>
    <ClInclude Include="..\src\Services\ToonExternalService.h">
      <Filter>Header Files</Filter>
    </ClInclude>
    <ClInclude Include="..\src\Net\Packet.h">
      <Filter>Header Files</Filter>
    </ClInclude>
    <ClInclude Include="..\src\Net\Server.h">
      <Filter>Header Files</Filter>
    </ClInclude>
  </ItemGroup>
</Project>